
Microsoft Visual Studio Solution File, Format Version 12.00
# Visual Studio Version 17
VisualStudioVersion = 17.0.31919.166
MinimumVisualStudioVersion = 10.0.40219.1
Project("{9A19103F-16F7-4668-BE54-9A1E7A4F7556}") = "DesignPatterns.Consola", "DesignPatterns.Consola\DesignPatterns.Consola.csproj", "{657054F4-F27E-4E56-85D5-B4756FACDAD3}"
EndProject
Project("{9A19103F-16F7-4668-BE54-9A1E7A4F7556}") = "DesignPatterns.NullObject", "DesignPatterns.NullObject\DesignPatterns.NullObject.csproj", "{81F826BA-8C69-4E3C-81D8-9D62F0FFC0B0}"
EndProject
Project("{9A19103F-16F7-4668-BE54-9A1E7A4F7556}") = "DesignPatterns.Strategy", "DesignPatterns.Strategy\DesignPatterns.Strategy.csproj", "{2148ABDB-E2A2-4853-B688-D3E171546B07}"
EndProject
Project("{9A19103F-16F7-4668-BE54-9A1E7A4F7556}") = "DesignPatterns.ChainOfResponsibility", "DesignPatterns.ChainOfResponsibility\DesignPatterns.ChainOfResponsibility.csproj", "{BC35F532-E425-49C2-95D1-7FDCF0483A43}"
EndProject
Project("{9A19103F-16F7-4668-BE54-9A1E7A4F7556}") = "DesignPatterns.Bridge", "DesignPatterns.Bridge\DesignPatterns.Bridge.csproj", "{8D7FEE83-5391-43AD-8A60-E7865822CEC3}"
EndProject
Project("{FAE04EC0-301F-11D3-BF4B-00C04F79EFBC}") = "DesignPatterns.Visitor", "DesignPatterns.Visitor\DesignPatterns.Visitor.csproj", "{56A3D427-3A50-4AB1-B055-91173E2F6BDF}"
EndProject
Global
	GlobalSection(SolutionConfigurationPlatforms) = preSolution
		Debug|Any CPU = Debug|Any CPU
		Release|Any CPU = Release|Any CPU
	EndGlobalSection
	GlobalSection(ProjectConfigurationPlatforms) = postSolution
		{657054F4-F27E-4E56-85D5-B4756FACDAD3}.Debug|Any CPU.ActiveCfg = Debug|Any CPU
		{657054F4-F27E-4E56-85D5-B4756FACDAD3}.Debug|Any CPU.Build.0 = Debug|Any CPU
		{657054F4-F27E-4E56-85D5-B4756FACDAD3}.Release|Any CPU.ActiveCfg = Release|Any CPU
		{657054F4-F27E-4E56-85D5-B4756FACDAD3}.Release|Any CPU.Build.0 = Release|Any CPU
		{81F826BA-8C69-4E3C-81D8-9D62F0FFC0B0}.Debug|Any CPU.ActiveCfg = Debug|Any CPU
		{81F826BA-8C69-4E3C-81D8-9D62F0FFC0B0}.Debug|Any CPU.Build.0 = Debug|Any CPU
		{81F826BA-8C69-4E3C-81D8-9D62F0FFC0B0}.Release|Any CPU.ActiveCfg = Release|Any CPU
		{81F826BA-8C69-4E3C-81D8-9D62F0FFC0B0}.Release|Any CPU.Build.0 = Release|Any CPU
		{2148ABDB-E2A2-4853-B688-D3E171546B07}.Debug|Any CPU.ActiveCfg = Debug|Any CPU
		{2148ABDB-E2A2-4853-B688-D3E171546B07}.Debug|Any CPU.Build.0 = Debug|Any CPU
		{2148ABDB-E2A2-4853-B688-D3E171546B07}.Release|Any CPU.ActiveCfg = Release|Any CPU
		{2148ABDB-E2A2-4853-B688-D3E171546B07}.Release|Any CPU.Build.0 = Release|Any CPU
		{BC35F532-E425-49C2-95D1-7FDCF0483A43}.Debug|Any CPU.ActiveCfg = Debug|Any CPU
		{BC35F532-E425-49C2-95D1-7FDCF0483A43}.Debug|Any CPU.Build.0 = Debug|Any CPU
		{BC35F532-E425-49C2-95D1-7FDCF0483A43}.Release|Any CPU.ActiveCfg = Release|Any CPU
		{BC35F532-E425-49C2-95D1-7FDCF0483A43}.Release|Any CPU.Build.0 = Release|Any CPU
		{8D7FEE83-5391-43AD-8A60-E7865822CEC3}.Debug|Any CPU.ActiveCfg = Debug|Any CPU
		{8D7FEE83-5391-43AD-8A60-E7865822CEC3}.Debug|Any CPU.Build.0 = Debug|Any CPU
		{8D7FEE83-5391-43AD-8A60-E7865822CEC3}.Release|Any CPU.ActiveCfg = Release|Any CPU
		{8D7FEE83-5391-43AD-8A60-E7865822CEC3}.Release|Any CPU.Build.0 = Release|Any CPU
		{56A3D427-3A50-4AB1-B055-91173E2F6BDF}.Debug|Any CPU.ActiveCfg = Debug|Any CPU
		{56A3D427-3A50-4AB1-B055-91173E2F6BDF}.Debug|Any CPU.Build.0 = Debug|Any CPU
		{56A3D427-3A50-4AB1-B055-91173E2F6BDF}.Release|Any CPU.ActiveCfg = Release|Any CPU
		{56A3D427-3A50-4AB1-B055-91173E2F6BDF}.Release|Any CPU.Build.0 = Release|Any CPU
	EndGlobalSection
	GlobalSection(SolutionProperties) = preSolution
		HideSolutionNode = FALSE
	EndGlobalSection
	GlobalSection(ExtensibilityGlobals) = postSolution
		SolutionGuid = {E19B0A3C-44BB-4E3D-A4FB-960B37A00CC6}
	EndGlobalSection
EndGlobal
